
Microsoft Visual Studio Solution File, Format Version 12.00
# Visual Studio Version 17
VisualStudioVersion = 17.7.34221.43
MinimumVisualStudioVersion = 10.0.40219.1
Project("{FAE04EC0-301F-11D3-BF4B-00C04F79EFBC}") = "Atelier.PL", "Atelier.PL\Atelier.PL.csproj", "{8A449FC6-F6CA-437B-86E3-ED20E9749F08}"
EndProject
Global
	GlobalSection(SolutionConfigurationPlatforms) = preSolution
		Debug|Any CPU = Debug|Any CPU
		Release|Any CPU = Release|Any CPU
	EndGlobalSection
	GlobalSection(ProjectConfigurationPlatforms) = postSolution
		{8A449FC6-F6CA-437B-86E3-ED20E9749F08}.Debug|Any CPU.ActiveCfg = Debug|Any CPU
		{8A449FC6-F6CA-437B-86E3-ED20E9749F08}.Debug|Any CPU.Build.0 = Debug|Any CPU
		{8A449FC6-F6CA-437B-86E3-ED20E9749F08}.Release|Any CPU.ActiveCfg = Release|Any CPU
		{8A449FC6-F6CA-437B-86E3-ED20E9749F08}.Release|Any CPU.Build.0 = Release|Any CPU
	EndGlobalSection
	GlobalSection(SolutionProperties) = preSolution
		HideSolutionNode = FALSE
	EndGlobalSection
	GlobalSection(ExtensibilityGlobals) = postSolution
		SolutionGuid = {2B310D97-E247-4DB2-A01E-FEFB4C5BAC84}
	EndGlobalSection
EndGlobal
